
Microsoft Visual Studio Solution File, Format Version 11.00
# Visual C++ Express 2010
Project("{8BC9CEB8-8B4A-11D0-8D11-00A0C91BC942}") = "usb2", "usb2.vcxproj", "{91E22E3C-F39B-4DCA-A691-75628288F7B6}"
EndProject
Global
	GlobalSection(SolutionConfigurationPlatforms) = preSolution
		Debug|Win32 = Debug|Win32
		Release|Win32 = Release|Win32
	EndGlobalSection
	GlobalSection(ProjectConfigurationPlatforms) = postSolution
		{91E22E3C-F39B-4DCA-A691-75628288F7B6}.Debug|Win32.ActiveCfg = Debug|Win32
		{91E22E3C-F39B-4DCA-A691-75628288F7B6}.Debug|Win32.Build.0 = Debug|Win32
		{91E22E3C-F39B-4DCA-A691-75628288F7B6}.Release|Win32.ActiveCfg = Release|Win32
		{91E22E3C-F39B-4DCA-A691-75628288F7B6}.Release|Win32.Build.0 = Release|Win32
	EndGlobalSection
	GlobalSection(SolutionProperties) = preSolution
		HideSolutionNode = FALSE
	EndGlobalSection
EndGlobal
